// !$*UTF8*$!
{
	archiveVersion = 1;
	classes = {
	};
	objectVersion = 51;
	objects = {

/* Begin PBXBuildFile section */
		230BF9A124FBFF0600C99948 /* AppDelegate.swift in Sources */ = {isa = PBXBuildFile; fileRef = 230BF9A024FBFF0600C99948 /* AppDelegate.swift */; };
		230BF9A324FBFF0600C99948 /* SceneDelegate.swift in Sources */ = {isa = PBXBuildFile; fileRef = 230BF9A224FBFF0600C99948 /* SceneDelegate.swift */; };
		230BF9A524FBFF0600C99948 /* MapViewController.swift in Sources */ = {isa = PBXBuildFile; fileRef = 230BF9A424FBFF0600C99948 /* MapViewController.swift */; };
		230BF9A824FBFF0600C99948 /* Main.storyboard in Resources */ = {isa = PBXBuildFile; fileRef = 230BF9A624FBFF0600C99948 /* Main.storyboard */; };
		230BF9AA24FBFF0800C99948 /* Assets.xcassets in Resources */ = {isa = PBXBuildFile; fileRef = 230BF9A924FBFF0800C99948 /* Assets.xcassets */; };
		230BF9AD24FBFF0800C99948 /* LaunchScreen.storyboard in Resources */ = {isa = PBXBuildFile; fileRef = 230BF9AB24FBFF0800C99948 /* LaunchScreen.storyboard */; };
		F76BC4D7A08AA0C269625A66 /* Pods_MyTracker.framework in Frameworks */ = {isa = PBXBuildFile; fileRef = BC76D8FC7403A84A888ED2AC /* Pods_MyTracker.framework */; };
/* End PBXBuildFile section */

/* Begin PBXFileReference section */
		1B7080C808F13A684919331B /* Pods-MyTracker.debug.xcconfig */ = {isa = PBXFileReference; includeInIndex = 1; lastKnownFileType = text.xcconfig; name = "Pods-MyTracker.debug.xcconfig"; path = "Target Support Files/Pods-MyTracker/Pods-MyTracker.debug.xcconfig"; sourceTree = "<group>"; };
		230BF99D24FBFF0600C99948 /* MyTracker.app */ = {isa = PBXFileReference; explicitFileType = wrapper.application; includeInIndex = 0; path = MyTracker.app; sourceTree = BUILT_PRODUCTS_DIR; };
		230BF9A024FBFF0600C99948 /* AppDelegate.swift */ = {isa = PBXFileReference; lastKnownFileType = sourcecode.swift; path = AppDelegate.swift; sourceTree = "<group>"; };
		230BF9A224FBFF0600C99948 /* SceneDelegate.swift */ = {isa = PBXFileReference; lastKnownFileType = sourcecode.swift; path = SceneDelegate.swift; sourceTree = "<group>"; };
		230BF9A424FBFF0600C99948 /* MapViewController.swift */ = {isa = PBXFileReference; lastKnownFileType = sourcecode.swift; path = MapViewController.swift; sourceTree = "<group>"; };
		230BF9A724FBFF0600C99948 /* Base */ = {isa = PBXFileReference; lastKnownFileType = file.storyboard; name = Base; path = Base.lproj/Main.storyboard; sourceTree = "<group>"; };
		230BF9A924FBFF0800C99948 /* Assets.xcassets */ = {isa = PBXFileReference; lastKnownFileType = folder.assetcatalog; path = Assets.xcassets; sourceTree = "<group>"; };
		230BF9AC24FBFF0800C99948 /* Base */ = {isa = PBXFileReference; lastKnownFileType = file.storyboard; name = Base; path = Base.lproj/LaunchScreen.storyboard; sourceTree = "<group>"; };
		230BF9AE24FBFF0800C99948 /* Info.plist */ = {isa = PBXFileReference; lastKnownFileType = text.plist.xml; path = Info.plist; sourceTree = "<group>"; };
		BC76D8FC7403A84A888ED2AC /* Pods_MyTracker.framework */ = {isa = PBXFileReference; explicitFileType = wrapper.framework; includeInIndex = 0; path = Pods_MyTracker.framework; sourceTree = BUILT_PRODUCTS_DIR; };
		FADED8812906AA43B6357C83 /* Pods-MyTracker.release.xcconfig */ = {isa = PBXFileReference; includeInIndex = 1; lastKnownFileType = text.xcconfig; name = "Pods-MyTracker.release.xcconfig"; path = "Target Support Files/Pods-MyTracker/Pods-MyTracker.release.xcconfig"; sourceTree = "<group>"; };
/* End PBXFileReference section */

/* Begin PBXFrameworksBuildPhase section */
		230BF99A24FBFF0600C99948 /* Frameworks */ = {
			isa = PBXFrameworksBuildPhase;
			buildActionMask = 2147483647;
			files = (
				F76BC4D7A08AA0C269625A66 /* Pods_MyTracker.framework in Frameworks */,
			);
			runOnlyForDeploymentPostprocessing = 0;
		};
/* End PBXFrameworksBuildPhase section */

/* Begin PBXGroup section */
		20EE2CB170CDDF87D45B8C78 /* Pods */ = {
			isa = PBXGroup;
			children = (
				1B7080C808F13A684919331B /* Pods-MyTracker.debug.xcconfig */,
				FADED8812906AA43B6357C83 /* Pods-MyTracker.release.xcconfig */,
			);
			path = Pods;
			sourceTree = "<group>";
		};
		230BF99424FBFF0600C99948 = {
			isa = PBXGroup;
			children = (
				230BF99F24FBFF0600C99948 /* MyTracker */,
				230BF99E24FBFF0600C99948 /* Products */,
				20EE2CB170CDDF87D45B8C78 /* Pods */,
				336C69135A965D0D7D087883 /* Frameworks */,
			);
			sourceTree = "<group>";
		};
		230BF99E24FBFF0600C99948 /* Products */ = {
			isa = PBXGroup;
			children = (
				230BF99D24FBFF0600C99948 /* MyTracker.app */,
			);
			name = Products;
			sourceTree = "<group>";
		};
		230BF99F24FBFF0600C99948 /* MyTracker */ = {
			isa = PBXGroup;
			children = (
				23F85A0124FD7F1100EADE85 /* App */,
				23F85A0224FD7F2700EADE85 /* Core */,
				23F85A0324FD7F3300EADE85 /* Resources */,
				23F85A0424FD7F4B00EADE85 /* Environments */,
				230BF9AE24FBFF0800C99948 /* Info.plist */,
			);
			path = MyTracker;
			sourceTree = "<group>";
		};
		23F85A0124FD7F1100EADE85 /* App */ = {
			isa = PBXGroup;
			children = (
				230BF9A024FBFF0600C99948 /* AppDelegate.swift */,
				230BF9A224FBFF0600C99948 /* SceneDelegate.swift */,
				23F85A0824FD7FA300EADE85 /* Flows */,
				23F85A0724FD7F9A00EADE85 /* Assembly */,
				23F85A0624FD7F8F00EADE85 /* Entity */,
				23F85A0524FD7F8300EADE85 /* BusinessLogic */,
			);
			path = App;
			sourceTree = "<group>";
		};
		23F85A0224FD7F2700EADE85 /* Core */ = {
			isa = PBXGroup;
			children = (
			);
			path = Core;
			sourceTree = "<group>";
		};
		23F85A0324FD7F3300EADE85 /* Resources */ = {
			isa = PBXGroup;
			children = (
			);
			path = Resources;
			sourceTree = "<group>";
		};
		23F85A0424FD7F4B00EADE85 /* Environments */ = {
			isa = PBXGroup;
			children = (
				230BF9A924FBFF0800C99948 /* Assets.xcassets */,
			);
			path = Environments;
			sourceTree = "<group>";
		};
		23F85A0524FD7F8300EADE85 /* BusinessLogic */ = {
			isa = PBXGroup;
			children = (
			);
			path = BusinessLogic;
			sourceTree = "<group>";
		};
		23F85A0624FD7F8F00EADE85 /* Entity */ = {
			isa = PBXGroup;
			children = (
			);
			path = Entity;
			sourceTree = "<group>";
		};
		23F85A0724FD7F9A00EADE85 /* Assembly */ = {
			isa = PBXGroup;
			children = (
			);
			path = Assembly;
			sourceTree = "<group>";
		};
		23F85A0824FD7FA300EADE85 /* Flows */ = {
			isa = PBXGroup;
			children = (
				230BF9A624FBFF0600C99948 /* Main.storyboard */,
				230BF9A424FBFF0600C99948 /* MapViewController.swift */,
				230BF9AB24FBFF0800C99948 /* LaunchScreen.storyboard */,
			);
			path = Flows;
			sourceTree = "<group>";
		};
		336C69135A965D0D7D087883 /* Frameworks */ = {
			isa = PBXGroup;
			children = (
				BC76D8FC7403A84A888ED2AC /* Pods_MyTracker.framework */,
			);
			name = Frameworks;
			sourceTree = "<group>";
		};
/* End PBXGroup section */

/* Begin PBXNativeTarget section */
		230BF99C24FBFF0600C99948 /* MyTracker */ = {
			isa = PBXNativeTarget;
			buildConfigurationList = 230BF9B124FBFF0800C99948 /* Build configuration list for PBXNativeTarget "MyTracker" */;
			buildPhases = (
				32A02108E3D172BAE784F34C /* [CP] Check Pods Manifest.lock */,
				230BF99924FBFF0600C99948 /* Sources */,
				230BF99A24FBFF0600C99948 /* Frameworks */,
				230BF99B24FBFF0600C99948 /* Resources */,
				B8DE768AB33713D452791399 /* [CP] Copy Pods Resources */,
				BF892C34669D373411E005B5 /* [CP] Embed Pods Frameworks */,
			);
			buildRules = (
			);
			dependencies = (
			);
			name = MyTracker;
			productName = MyTracker;
			productReference = 230BF99D24FBFF0600C99948 /* MyTracker.app */;
			productType = "com.apple.product-type.application";
		};
/* End PBXNativeTarget section */

/* Begin PBXProject section */
		230BF99524FBFF0600C99948 /* Project object */ = {
			isa = PBXProject;
			attributes = {
				LastSwiftUpdateCheck = 1160;
				LastUpgradeCheck = 1160;
				ORGANIZATIONNAME = "Kirill Anisimov";
				TargetAttributes = {
					230BF99C24FBFF0600C99948 = {
						CreatedOnToolsVersion = 11.6;
					};
				};
			};
			buildConfigurationList = 230BF99824FBFF0600C99948 /* Build configuration list for PBXProject "MyTracker" */;
			compatibilityVersion = "Xcode 9.3";
			developmentRegion = en;
			hasScannedForEncodings = 0;
			knownRegions = (
				en,
				Base,
			);
			mainGroup = 230BF99424FBFF0600C99948;
			productRefGroup = 230BF99E24FBFF0600C99948 /* Products */;
			projectDirPath = "";
			projectRoot = "";
			targets = (
				230BF99C24FBFF0600C99948 /* MyTracker */,
			);
		};
/* End PBXProject section */

/* Begin PBXResourcesBuildPhase section */
		230BF99B24FBFF0600C99948 /* Resources */ = {
			isa = PBXResourcesBuildPhase;
			buildActionMask = 2147483647;
			files = (
				230BF9AD24FBFF0800C99948 /* LaunchScreen.storyboard in Resources */,
				230BF9AA24FBFF0800C99948 /* Assets.xcassets in Resources */,
				230BF9A824FBFF0600C99948 /* Main.storyboard in Resources */,
			);
			runOnlyForDeploymentPostprocessing = 0;
		};
/* End PBXResourcesBuildPhase section */

/* Begin PBXShellScriptBuildPhase section */
		32A02108E3D172BAE784F34C /* [CP] Check Pods Manifest.lock */ = {
			isa = PBXShellScriptBuildPhase;
			buildActionMask = 2147483647;
			files = (
			);
			inputFileListPaths = (
			);
			inputPaths = (
				"${PODS_PODFILE_DIR_PATH}/Podfile.lock",
				"${PODS_ROOT}/Manifest.lock",
			);
			name = "[CP] Check Pods Manifest.lock";
			outputFileListPaths = (
			);
			outputPaths = (
				"$(DERIVED_FILE_DIR)/Pods-MyTracker-checkManifestLockResult.txt",
			);
			runOnlyForDeploymentPostprocessing = 0;
			shellPath = /bin/sh;
			shellScript = "diff \"${PODS_PODFILE_DIR_PATH}/Podfile.lock\" \"${PODS_ROOT}/Manifest.lock\" > /dev/null\nif [ $? != 0 ] ; then\n    # print error to STDERR\n    echo \"error: The sandbox is not in sync with the Podfile.lock. Run 'pod install' or update your CocoaPods installation.\" >&2\n    exit 1\nfi\n# This output is used by Xcode 'outputs' to avoid re-running this script phase.\necho \"SUCCESS\" > \"${SCRIPT_OUTPUT_FILE_0}\"\n";
			showEnvVarsInLog = 0;
		};
		B8DE768AB33713D452791399 /* [CP] Copy Pods Resources */ = {
			isa = PBXShellScriptBuildPhase;
			buildActionMask = 2147483647;
			files = (
			);
			inputFileListPaths = (
				"${PODS_ROOT}/Target Support Files/Pods-MyTracker/Pods-MyTracker-resources-${CONFIGURATION}-input-files.xcfilelist",
			);
			name = "[CP] Copy Pods Resources";
			outputFileListPaths = (
				"${PODS_ROOT}/Target Support Files/Pods-MyTracker/Pods-MyTracker-resources-${CONFIGURATION}-output-files.xcfilelist",
			);
			runOnlyForDeploymentPostprocessing = 0;
			shellPath = /bin/sh;
			shellScript = "\"${PODS_ROOT}/Target Support Files/Pods-MyTracker/Pods-MyTracker-resources.sh\"\n";
			showEnvVarsInLog = 0;
		};
		BF892C34669D373411E005B5 /* [CP] Embed Pods Frameworks */ = {
			isa = PBXShellScriptBuildPhase;
			buildActionMask = 2147483647;
			files = (
			);
			inputFileListPaths = (
				"${PODS_ROOT}/Target Support Files/Pods-MyTracker/Pods-MyTracker-frameworks-${CONFIGURATION}-input-files.xcfilelist",
			);
			name = "[CP] Embed Pods Frameworks";
			outputFileListPaths = (
				"${PODS_ROOT}/Target Support Files/Pods-MyTracker/Pods-MyTracker-frameworks-${CONFIGURATION}-output-files.xcfilelist",
			);
			runOnlyForDeploymentPostprocessing = 0;
			shellPath = /bin/sh;
			shellScript = "\"${PODS_ROOT}/Target Support Files/Pods-MyTracker/Pods-MyTracker-frameworks.sh\"\n";
			showEnvVarsInLog = 0;
		};
/* End PBXShellScriptBuildPhase section */

/* Begin PBXSourcesBuildPhase section */
		230BF99924FBFF0600C99948 /* Sources */ = {
			isa = PBXSourcesBuildPhase;
			buildActionMask = 2147483647;
			files = (
				230BF9A524FBFF0600C99948 /* MapViewController.swift in Sources */,
				230BF9A124FBFF0600C99948 /* AppDelegate.swift in Sources */,
				230BF9A324FBFF0600C99948 /* SceneDelegate.swift in Sources */,
			);
			runOnlyForDeploymentPostprocessing = 0;
		};
/* End PBXSourcesBuildPhase section */

/* Begin PBXVariantGroup section */
		230BF9A624FBFF0600C99948 /* Main.storyboard */ = {
			isa = PBXVariantGroup;
			children = (
				230BF9A724FBFF0600C99948 /* Base */,
			);
			name = Main.storyboard;
			sourceTree = "<group>";
		};
		230BF9AB24FBFF0800C99948 /* LaunchScreen.storyboard */ = {
			isa = PBXVariantGroup;
			children = (
				230BF9AC24FBFF0800C99948 /* Base */,
			);
			name = LaunchScreen.storyboard;
			sourceTree = "<group>";
		};
/* End PBXVariantGroup section */

/* Begin XCBuildConfiguration section */
		230BF9AF24FBFF0800C99948 /* Debug */ = {
			isa = XCBuildConfiguration;
			buildSettings = {
				ALWAYS_SEARCH_USER_PATHS = NO;
				CLANG_ANALYZER_NONNULL = YES;
				CLANG_ANALYZER_NUMBER_OBJECT_CONVERSION = YES_AGGRESSIVE;
				CLANG_CXX_LANGUAGE_STANDARD = "gnu++14";
				CLANG_CXX_LIBRARY = "libc++";
				CLANG_ENABLE_MODULES = YES;
				CLANG_ENABLE_OBJC_ARC = YES;
				CLANG_ENABLE_OBJC_WEAK = YES;
				CLANG_WARN_BLOCK_CAPTURE_AUTORELEASING = YES;
				CLANG_WARN_BOOL_CONVERSION = YES;
				CLANG_WARN_COMMA = YES;
				CLANG_WARN_CONSTANT_CONVERSION = YES;
				CLANG_WARN_DEPRECATED_OBJC_IMPLEMENTATIONS = YES;
				CLANG_WARN_DIRECT_OBJC_ISA_USAGE = YES_ERROR;
				CLANG_WARN_DOCUMENTATION_COMMENTS = YES;
				CLANG_WARN_EMPTY_BODY = YES;
				CLANG_WARN_ENUM_CONVERSION = YES;
				CLANG_WARN_INFINITE_RECURSION = YES;
				CLANG_WARN_INT_CONVERSION = YES;
				CLANG_WARN_NON_LITERAL_NULL_CONVERSION = YES;
				CLANG_WARN_OBJC_IMPLICIT_RETAIN_SELF = YES;
				CLANG_WARN_OBJC_LITERAL_CONVERSION = YES;
				CLANG_WARN_OBJC_ROOT_CLASS = YES_ERROR;
				CLANG_WARN_RANGE_LOOP_ANALYSIS = YES;
				CLANG_WARN_STRICT_PROTOTYPES = YES;
				CLANG_WARN_SUSPICIOUS_MOVE = YES;
				CLANG_WARN_UNGUARDED_AVAILABILITY = YES_AGGRESSIVE;
				CLANG_WARN_UNREACHABLE_CODE = YES;
				CLANG_WARN__DUPLICATE_METHOD_MATCH = YES;
				COPY_PHASE_STRIP = NO;
				DEBUG_INFORMATION_FORMAT = dwarf;
				ENABLE_STRICT_OBJC_MSGSEND = YES;
				ENABLE_TESTABILITY = YES;
				GCC_C_LANGUAGE_STANDARD = gnu11;
				GCC_DYNAMIC_NO_PIC = NO;
				GCC_NO_COMMON_BLOCKS = YES;
				GCC_OPTIMIZATION_LEVEL = 0;
				GCC_PREPROCESSOR_DEFINITIONS = (
					"DEBUG=1",
					"$(inherited)",
				);
				GCC_WARN_64_TO_32_BIT_CONVERSION = YES;
				GCC_WARN_ABOUT_RETURN_TYPE = YES_ERROR;
				GCC_WARN_UNDECLARED_SELECTOR = YES;
				GCC_WARN_UNINITIALIZED_AUTOS = YES_AGGRESSIVE;
				GCC_WARN_UNUSED_FUNCTION = YES;
				GCC_WARN_UNUSED_VARIABLE = YES;
				IPHONEOS_DEPLOYMENT_TARGET = 13.6;
				MTL_ENABLE_DEBUG_INFO = INCLUDE_SOURCE;
				MTL_FAST_MATH = YES;
				ONLY_ACTIVE_ARCH = YES;
				SDKROOT = iphoneos;
				SWIFT_ACTIVE_COMPILATION_CONDITIONS = DEBUG;
				SWIFT_OPTIMIZATION_LEVEL = "-Onone";
			};
			name = Debug;
		};
		230BF9B024FBFF0800C99948 /* Release */ = {
			isa = XCBuildConfiguration;
			buildSettings = {
				ALWAYS_SEARCH_USER_PATHS = NO;
				CLANG_ANALYZER_NONNULL = YES;
				CLANG_ANALYZER_NUMBER_OBJECT_CONVERSION = YES_AGGRESSIVE;
				CLANG_CXX_LANGUAGE_STANDARD = "gnu++14";
				CLANG_CXX_LIBRARY = "libc++";
				CLANG_ENABLE_MODULES = YES;
				CLANG_ENABLE_OBJC_ARC = YES;
				CLANG_ENABLE_OBJC_WEAK = YES;
				CLANG_WARN_BLOCK_CAPTURE_AUTORELEASING = YES;
				CLANG_WARN_BOOL_CONVERSION = YES;
				CLANG_WARN_COMMA = YES;
				CLANG_WARN_CONSTANT_CONVERSION = YES;
				CLANG_WARN_DEPRECATED_OBJC_IMPLEMENTATIONS = YES;
				CLANG_WARN_DIRECT_OBJC_ISA_USAGE = YES_ERROR;
				CLANG_WARN_DOCUMENTATION_COMMENTS = YES;
				CLANG_WARN_EMPTY_BODY = YES;
				CLANG_WARN_ENUM_CONVERSION = YES;
				CLANG_WARN_INFINITE_RECURSION = YES;
				CLANG_WARN_INT_CONVERSION = YES;
				CLANG_WARN_NON_LITERAL_NULL_CONVERSION = YES;
				CLANG_WARN_OBJC_IMPLICIT_RETAIN_SELF = YES;
				CLANG_WARN_OBJC_LITERAL_CONVERSION = YES;
				CLANG_WARN_OBJC_ROOT_CLASS = YES_ERROR;
				CLANG_WARN_RANGE_LOOP_ANALYSIS = YES;
				CLANG_WARN_STRICT_PROTOTYPES = YES;
				CLANG_WARN_SUSPICIOUS_MOVE = YES;
				CLANG_WARN_UNGUARDED_AVAILABILITY = YES_AGGRESSIVE;
				CLANG_WARN_UNREACHABLE_CODE = YES;
				CLANG_WARN__DUPLICATE_METHOD_MATCH = YES;
				COPY_PHASE_STRIP = NO;
				DEBUG_INFORMATION_FORMAT = "dwarf-with-dsym";
				ENABLE_NS_ASSERTIONS = NO;
				ENABLE_STRICT_OBJC_MSGSEND = YES;
				GCC_C_LANGUAGE_STANDARD = gnu11;
				GCC_NO_COMMON_BLOCKS = YES;
				GCC_WARN_64_TO_32_BIT_CONVERSION = YES;
				GCC_WARN_ABOUT_RETURN_TYPE = YES_ERROR;
				GCC_WARN_UNDECLARED_SELECTOR = YES;
				GCC_WARN_UNINITIALIZED_AUTOS = YES_AGGRESSIVE;
				GCC_WARN_UNUSED_FUNCTION = YES;
				GCC_WARN_UNUSED_VARIABLE = YES;
				IPHONEOS_DEPLOYMENT_TARGET = 13.6;
				MTL_ENABLE_DEBUG_INFO = NO;
				MTL_FAST_MATH = YES;
				SDKROOT = iphoneos;
				SWIFT_COMPILATION_MODE = wholemodule;
				SWIFT_OPTIMIZATION_LEVEL = "-O";
				VALIDATE_PRODUCT = YES;
			};
			name = Release;
		};
		230BF9B224FBFF0800C99948 /* Debug */ = {
			isa = XCBuildConfiguration;
			baseConfigurationReference = 1B7080C808F13A684919331B /* Pods-MyTracker.debug.xcconfig */;
			buildSettings = {
				ASSETCATALOG_COMPILER_APPICON_NAME = AppIcon;
				CODE_SIGN_STYLE = Automatic;
				DEVELOPMENT_TEAM = 2Q8CDQHFHQ;
				INFOPLIST_FILE = MyTracker/Info.plist;
				LD_RUNPATH_SEARCH_PATHS = (
					"$(inherited)",
					"@executable_path/Frameworks",
				);
				PRODUCT_BUNDLE_IDENTIFIER = "Kirill-Anisimov.MyTracker";
				PRODUCT_NAME = "$(TARGET_NAME)";
				SWIFT_VERSION = 5.0;
				TARGETED_DEVICE_FAMILY = "1,2";
			};
			name = Debug;
		};
		230BF9B324FBFF0800C99948 /* Release */ = {
			isa = XCBuildConfiguration;
			baseConfigurationReference = FADED8812906AA43B6357C83 /* Pods-MyTracker.release.xcconfig */;
			buildSettings = {
				ASSETCATALOG_COMPILER_APPICON_NAME = AppIcon;
				CODE_SIGN_STYLE = Automatic;
				DEVELOPMENT_TEAM = 2Q8CDQHFHQ;
				INFOPLIST_FILE = MyTracker/Info.plist;
				LD_RUNPATH_SEARCH_PATHS = (
					"$(inherited)",
					"@executable_path/Frameworks",
				);
				PRODUCT_BUNDLE_IDENTIFIER = "Kirill-Anisimov.MyTracker";
				PRODUCT_NAME = "$(TARGET_NAME)";
				SWIFT_VERSION = 5.0;
				TARGETED_DEVICE_FAMILY = "1,2";
			};
			name = Release;
		};
/* End XCBuildConfiguration section */

/* Begin XCConfigurationList section */
		230BF99824FBFF0600C99948 /* Build configuration list for PBXProject "MyTracker" */ = {
			isa = XCConfigurationList;
			buildConfigurations = (
				230BF9AF24FBFF0800C99948 /* Debug */,
				230BF9B024FBFF0800C99948 /* Release */,
			);
			defaultConfigurationIsVisible = 0;
			defaultConfigurationName = Release;
		};
		230BF9B124FBFF0800C99948 /* Build configuration list for PBXNativeTarget "MyTracker" */ = {
			isa = XCConfigurationList;
			buildConfigurations = (
				230BF9B224FBFF0800C99948 /* Debug */,
				230BF9B324FBFF0800C99948 /* Release */,
			);
			defaultConfigurationIsVisible = 0;
			defaultConfigurationName = Release;
		};
/* End XCConfigurationList section */
	};
	rootObject = 230BF99524FBFF0600C99948 /* Project object */;
}
